
Microsoft Visual Studio Solution File, Format Version 12.00
# Visual Studio 15
VisualStudioVersion = 15.0.28307.1000
MinimumVisualStudioVersion = 10.0.40219.1
Project("{FAE04EC0-301F-11D3-BF4B-00C04F79EFBC}") = "DXApplication1", "DXApplication1\DXApplication1.csproj", "{0087D820-A16B-4AD4-B992-5BFE924A3F1E}"
EndProject
Global
	GlobalSection(SolutionConfigurationPlatforms) = preSolution
		Debug|Any CPU = Debug|Any CPU
		Release|Any CPU = Release|Any CPU
	EndGlobalSection
	GlobalSection(ProjectConfigurationPlatforms) = postSolution
		{0087D820-A16B-4AD4-B992-5BFE924A3F1E}.Debug|Any CPU.ActiveCfg = Debug|Any CPU
		{0087D820-A16B-4AD4-B992-5BFE924A3F1E}.Debug|Any CPU.Build.0 = Debug|Any CPU
		{0087D820-A16B-4AD4-B992-5BFE924A3F1E}.Release|Any CPU.ActiveCfg = Release|Any CPU
		{0087D820-A16B-4AD4-B992-5BFE924A3F1E}.Release|Any CPU.Build.0 = Release|Any CPU
	EndGlobalSection
	GlobalSection(SolutionProperties) = preSolution
		HideSolutionNode = FALSE
	EndGlobalSection
	GlobalSection(ExtensibilityGlobals) = postSolution
		SolutionGuid = {C68F2A2B-3DB8-4748-BF59-3BBD236E45DB}
	EndGlobalSection
EndGlobal
